<?xml version="1.0" encoding="utf-8"?>
<Project ToolsVersion="4.0" xmlns="http://schemas.microsoft.com/developer/msbuild/2003">
  <ItemGroup>
    <ClCompile Include="Audio.cpp" />
    <ClCompile Include="Boss2Core.cpp" />
    <ClCompile Include="Boss2Final.cpp" />
    <ClCompile Include="Boss2Turret.cpp" />
    <ClCompile Include="BossCore.cpp" />
    <ClCompile Include="BossTurret.cpp" />
    <ClCompile Include="Bridge.cpp" />
    <ClCompile Include="Cannon.cpp" />
    <ClCompile Include="Enemy.cpp" />
    <ClCompile Include="EnemyManager.cpp" />
    <ClCompile Include="Game.cpp" />
    <ClCompile Include="GunUpgrade.cpp" />
    <ClCompile Include="Level2Core.cpp" />
    <ClCompile Include="Level2Turret.cpp" />
    <ClCompile Include="Life.cpp" />
    <ClCompile Include="main.cpp" />
    <ClCompile Include="Player.cpp" />
    <ClCompile Include="Projectile.cpp" />
    <ClCompile Include="ProjectileBoss.cpp" />
    <ClCompile Include="ProjectileBoss2.cpp" />
    <ClCompile Include="Rifleman.cpp" />
    <ClCompile Include="Scene.cpp" />
    <ClCompile Include="Shader.cpp" />
    <ClCompile Include="ShaderProgram.cpp" />
    <ClCompile Include="Soldier.cpp" />
    <ClCompile Include="Sprite.cpp" />
    <ClCompile Include="Text.cpp" />
    <ClCompile Include="Texture.cpp" />
    <ClCompile Include="TexturedQuad.cpp" />
    <ClCompile Include="TileMap.cpp" />
    <ClCompile Include="UpgradeBox.cpp" />
    <ClCompile Include="WallTurret.cpp" />
    <ClCompile Include="GreenSoldier.cpp" />
  </ItemGroup>
  <ItemGroup>
    <ClInclude Include="AnimKeyframes.h" />
    <ClInclude Include="Audio.h" />
    <ClInclude Include="Boss2Core.h" />
    <ClInclude Include="Boss2Final.h" />
    <ClInclude Include="Boss2Turret.h" />
    <ClInclude Include="BossCore.h" />
    <ClInclude Include="BossTurret.h" />
    <ClInclude Include="Bridge.h" />
    <ClInclude Include="Cannon.h" />
    <ClInclude Include="Enemy.h" />
    <ClInclude Include="EnemyManager.h" />
    <ClInclude Include="Game.h" />
    <ClInclude Include="GunUpgrade.h" />
    <ClInclude Include="Level2Core.h" />
    <ClInclude Include="Level2Turret.h" />
    <ClInclude Include="Life.h" />
    <ClInclude Include="Player.h" />
    <ClInclude Include="Projectile.h" />
    <ClInclude Include="ProjectileBoss.h" />
    <ClInclude Include="ProjectileBoss2.h" />
    <ClInclude Include="Rifleman.h" />
    <ClInclude Include="Scene.h" />
    <ClInclude Include="Shader.h" />
    <ClInclude Include="ShaderProgram.h" />
    <ClInclude Include="Soldier.h" />
    <ClInclude Include="Sprite.h" />
    <ClInclude Include="Text.h" />
    <ClInclude Include="Texture.h" />
    <ClInclude Include="TexturedQuad.h" />
    <ClInclude Include="TileMap.h" />
    <ClInclude Include="UpgradeBox.h" />
    <ClInclude Include="WallTurret.h" />
    <ClInclude Include="GreenSoldier.h" />
  </ItemGroup>
</Project>